
Microsoft Visual Studio Solution File, Format Version 12.00
# Visual Studio Version 17
VisualStudioVersion = 17.1.32421.90
MinimumVisualStudioVersion = 10.0.40219.1
Project("{8BC9CEB8-8B4A-11D0-8D11-00A0C91BC942}") = "SpaceInvasion", "SpaceInvasion.vcxproj", "{FD7684E6-8768-4B9B-A754-BD45F06BC747}"
EndProject
Global
	GlobalSection(SolutionConfigurationPlatforms) = preSolution
		Debug|x64 = Debug|x64
		Debug|x86 = Debug|x86
		Release|x64 = Release|x64
		Release|x86 = Release|x86
	EndGlobalSection
	GlobalSection(ProjectConfigurationPlatforms) = postSolution
		{FD7684E6-8768-4B9B-A754-BD45F06BC747}.Debug|x64.ActiveCfg = Debug|x64
		{FD7684E6-8768-4B9B-A754-BD45F06BC747}.Debug|x64.Build.0 = Debug|x64
		{FD7684E6-8768-4B9B-A754-BD45F06BC747}.Debug|x86.ActiveCfg = Debug|Win32
		{FD7684E6-8768-4B9B-A754-BD45F06BC747}.Debug|x86.Build.0 = Debug|Win32
		{FD7684E6-8768-4B9B-A754-BD45F06BC747}.Release|x64.ActiveCfg = Release|x64
		{FD7684E6-8768-4B9B-A754-BD45F06BC747}.Release|x64.Build.0 = Release|x64
		{FD7684E6-8768-4B9B-A754-BD45F06BC747}.Release|x86.ActiveCfg = Release|Win32
		{FD7684E6-8768-4B9B-A754-BD45F06BC747}.Release|x86.Build.0 = Release|Win32
	EndGlobalSection
	GlobalSection(SolutionProperties) = preSolution
		HideSolutionNode = FALSE
	EndGlobalSection
	GlobalSection(ExtensibilityGlobals) = postSolution
		SolutionGuid = {A6031893-1094-4A50-8FB3-4B21AE680DE0}
	EndGlobalSection
EndGlobal
